// !$*UTF8*$!
{
	archiveVersion = 1;
	classes = {
	};
	objectVersion = 50;
	objects = {

/* Begin PBXBuildFile section */
		DD305639234F026C00505D65 /* AddingCell.swift in Sources */ = {isa = PBXBuildFile; fileRef = DD305637234F026C00505D65 /* AddingCell.swift */; };
		DD30563A234F026C00505D65 /* AddingCell.xib in Resources */ = {isa = PBXBuildFile; fileRef = DD305638234F026C00505D65 /* AddingCell.xib */; };
		DD30563D234F09D900505D65 /* IGListKitExtensions.swift in Sources */ = {isa = PBXBuildFile; fileRef = DD30563C234F09D900505D65 /* IGListKitExtensions.swift */; };
		DD305640234F0BAF00505D65 /* ProfileInfo.swift in Sources */ = {isa = PBXBuildFile; fileRef = DD30563F234F0BAF00505D65 /* ProfileInfo.swift */; };
		DD305642234F0C4300505D65 /* MeetingRooms.swift in Sources */ = {isa = PBXBuildFile; fileRef = DD305641234F0C4300505D65 /* MeetingRooms.swift */; };
		DD305644234F0CF700505D65 /* DiffableBox.swift in Sources */ = {isa = PBXBuildFile; fileRef = DD305643234F0CF700505D65 /* DiffableBox.swift */; };
		DD305647234F0D5700505D65 /* ReduxStore.swift in Sources */ = {isa = PBXBuildFile; fileRef = DD305646234F0D5700505D65 /* ReduxStore.swift */; };
		DD383DE5234F3B770076F71A /* ProfilesStore.swift in Sources */ = {isa = PBXBuildFile; fileRef = DD383DE4234F3B770076F71A /* ProfilesStore.swift */; };
		DD383DE7234F3BBA0076F71A /* ProfilesNamespace.swift in Sources */ = {isa = PBXBuildFile; fileRef = DD383DE6234F3BBA0076F71A /* ProfilesNamespace.swift */; };
		DD383DE9234F3C120076F71A /* ProfilesAction.swift in Sources */ = {isa = PBXBuildFile; fileRef = DD383DE8234F3C120076F71A /* ProfilesAction.swift */; };
		DD383DEB234F3F820076F71A /* ProfilesProps.swift in Sources */ = {isa = PBXBuildFile; fileRef = DD383DEA234F3F820076F71A /* ProfilesProps.swift */; };
		DD383DED234F45100076F71A /* ProfilesViewModel.swift in Sources */ = {isa = PBXBuildFile; fileRef = DD383DEC234F45100076F71A /* ProfilesViewModel.swift */; };
		DD383DEF234F47770076F71A /* ProfilesActionCreator.swift in Sources */ = {isa = PBXBuildFile; fileRef = DD383DEE234F47770076F71A /* ProfilesActionCreator.swift */; };
		DD383DF1234F4C550076F71A /* RxExtensions.swift in Sources */ = {isa = PBXBuildFile; fileRef = DD383DF0234F4C550076F71A /* RxExtensions.swift */; };
		DD591E71234DF29F0039814A /* ProfilesViewController.swift in Sources */ = {isa = PBXBuildFile; fileRef = DD591E70234DF29F0039814A /* ProfilesViewController.swift */; };
		DD591E75234DF2C20039814A /* AppCoordinator.swift in Sources */ = {isa = PBXBuildFile; fileRef = DD591E74234DF2C20039814A /* AppCoordinator.swift */; };
		DD591E77234DF7570039814A /* ProfilesSectionController.swift in Sources */ = {isa = PBXBuildFile; fileRef = DD591E76234DF7570039814A /* ProfilesSectionController.swift */; };
		DD591E79234DF77B0039814A /* ProfilesView.swift in Sources */ = {isa = PBXBuildFile; fileRef = DD591E78234DF77B0039814A /* ProfilesView.swift */; };
		DD591E8D234DFDC50039814A /* IGListKit.framework in Frameworks */ = {isa = PBXBuildFile; fileRef = DD591E82234DFB8D0039814A /* IGListKit.framework */; };
		DD591E8E234DFDC50039814A /* RxBlocking.framework in Frameworks */ = {isa = PBXBuildFile; fileRef = DD591E89234DFD3C0039814A /* RxBlocking.framework */; };
		DD591E8F234DFDC50039814A /* RxCocoa.framework in Frameworks */ = {isa = PBXBuildFile; fileRef = DD591E81234DFB8D0039814A /* RxCocoa.framework */; };
		DD591E90234DFDC50039814A /* RxRelay.framework in Frameworks */ = {isa = PBXBuildFile; fileRef = DD591E88234DFD3C0039814A /* RxRelay.framework */; };
		DD591E91234DFDC50039814A /* RxSwift.framework in Frameworks */ = {isa = PBXBuildFile; fileRef = DD591E80234DFB8D0039814A /* RxSwift.framework */; };
		DD67A34D234DEC7E003F0257 /* AppDelegate.swift in Sources */ = {isa = PBXBuildFile; fileRef = DD67A34C234DEC7E003F0257 /* AppDelegate.swift */; };
		DD67A354234DEC7F003F0257 /* Assets.xcassets in Resources */ = {isa = PBXBuildFile; fileRef = DD67A353234DEC7F003F0257 /* Assets.xcassets */; };
		DD67A357234DEC7F003F0257 /* LaunchScreen.storyboard in Resources */ = {isa = PBXBuildFile; fileRef = DD67A355234DEC7F003F0257 /* LaunchScreen.storyboard */; };
		DD9014C92356130300556366 /* Sections.swift in Sources */ = {isa = PBXBuildFile; fileRef = DD9014C82356130300556366 /* Sections.swift */; };
		DD9014CB2356FACD00556366 /* UIColorExtensions.swift in Sources */ = {isa = PBXBuildFile; fileRef = DD9014CA2356FACD00556366 /* UIColorExtensions.swift */; };
		DDBB808B234F61650020F888 /* ProfileCell.swift in Sources */ = {isa = PBXBuildFile; fileRef = DDBB8089234F61650020F888 /* ProfileCell.swift */; };
		DDBB808C234F61650020F888 /* ProfileCell.xib in Resources */ = {isa = PBXBuildFile; fileRef = DDBB808A234F61650020F888 /* ProfileCell.xib */; };
		DDBB80902350BA400020F888 /* HelperFunctions.swift in Sources */ = {isa = PBXBuildFile; fileRef = DDBB808F2350BA400020F888 /* HelperFunctions.swift */; };
		DDBB8092235606B10020F888 /* Tagged.swift in Sources */ = {isa = PBXBuildFile; fileRef = DDBB8091235606B10020F888 /* Tagged.swift */; };
/* End PBXBuildFile section */

/* Begin PBXFileReference section */
		DD305637234F026C00505D65 /* AddingCell.swift */ = {isa = PBXFileReference; lastKnownFileType = sourcecode.swift; path = AddingCell.swift; sourceTree = "<group>"; };
		DD305638234F026C00505D65 /* AddingCell.xib */ = {isa = PBXFileReference; lastKnownFileType = file.xib; path = AddingCell.xib; sourceTree = "<group>"; };
		DD30563C234F09D900505D65 /* IGListKitExtensions.swift */ = {isa = PBXFileReference; lastKnownFileType = sourcecode.swift; path = IGListKitExtensions.swift; sourceTree = "<group>"; };
		DD30563F234F0BAF00505D65 /* ProfileInfo.swift */ = {isa = PBXFileReference; lastKnownFileType = sourcecode.swift; path = ProfileInfo.swift; sourceTree = "<group>"; };
		DD305641234F0C4300505D65 /* MeetingRooms.swift */ = {isa = PBXFileReference; lastKnownFileType = sourcecode.swift; path = MeetingRooms.swift; sourceTree = "<group>"; };
		DD305643234F0CF700505D65 /* DiffableBox.swift */ = {isa = PBXFileReference; lastKnownFileType = sourcecode.swift; path = DiffableBox.swift; sourceTree = "<group>"; };
		DD305646234F0D5700505D65 /* ReduxStore.swift */ = {isa = PBXFileReference; lastKnownFileType = sourcecode.swift; path = ReduxStore.swift; sourceTree = "<group>"; };
		DD383DE4234F3B770076F71A /* ProfilesStore.swift */ = {isa = PBXFileReference; lastKnownFileType = sourcecode.swift; path = ProfilesStore.swift; sourceTree = "<group>"; };
		DD383DE6234F3BBA0076F71A /* ProfilesNamespace.swift */ = {isa = PBXFileReference; lastKnownFileType = sourcecode.swift; path = ProfilesNamespace.swift; sourceTree = "<group>"; };
		DD383DE8234F3C120076F71A /* ProfilesAction.swift */ = {isa = PBXFileReference; lastKnownFileType = sourcecode.swift; path = ProfilesAction.swift; sourceTree = "<group>"; };
		DD383DEA234F3F820076F71A /* ProfilesProps.swift */ = {isa = PBXFileReference; lastKnownFileType = sourcecode.swift; path = ProfilesProps.swift; sourceTree = "<group>"; };
		DD383DEC234F45100076F71A /* ProfilesViewModel.swift */ = {isa = PBXFileReference; lastKnownFileType = sourcecode.swift; path = ProfilesViewModel.swift; sourceTree = "<group>"; };
		DD383DEE234F47770076F71A /* ProfilesActionCreator.swift */ = {isa = PBXFileReference; lastKnownFileType = sourcecode.swift; path = ProfilesActionCreator.swift; sourceTree = "<group>"; };
		DD383DF0234F4C550076F71A /* RxExtensions.swift */ = {isa = PBXFileReference; lastKnownFileType = sourcecode.swift; path = RxExtensions.swift; sourceTree = "<group>"; };
		DD591E70234DF29F0039814A /* ProfilesViewController.swift */ = {isa = PBXFileReference; lastKnownFileType = sourcecode.swift; path = ProfilesViewController.swift; sourceTree = "<group>"; };
		DD591E74234DF2C20039814A /* AppCoordinator.swift */ = {isa = PBXFileReference; lastKnownFileType = sourcecode.swift; path = AppCoordinator.swift; sourceTree = "<group>"; };
		DD591E76234DF7570039814A /* ProfilesSectionController.swift */ = {isa = PBXFileReference; lastKnownFileType = sourcecode.swift; path = ProfilesSectionController.swift; sourceTree = "<group>"; };
		DD591E78234DF77B0039814A /* ProfilesView.swift */ = {isa = PBXFileReference; lastKnownFileType = sourcecode.swift; path = ProfilesView.swift; sourceTree = "<group>"; };
		DD591E80234DFB8D0039814A /* RxSwift.framework */ = {isa = PBXFileReference; lastKnownFileType = wrapper.framework; name = RxSwift.framework; path = Carthage/Build/iOS/RxSwift.framework; sourceTree = "<group>"; };
		DD591E81234DFB8D0039814A /* RxCocoa.framework */ = {isa = PBXFileReference; lastKnownFileType = wrapper.framework; name = RxCocoa.framework; path = Carthage/Build/iOS/RxCocoa.framework; sourceTree = "<group>"; };
		DD591E82234DFB8D0039814A /* IGListKit.framework */ = {isa = PBXFileReference; lastKnownFileType = wrapper.framework; name = IGListKit.framework; path = Carthage/Build/iOS/IGListKit.framework; sourceTree = "<group>"; };
		DD591E87234DFD3C0039814A /* RxTest.framework */ = {isa = PBXFileReference; lastKnownFileType = wrapper.framework; name = RxTest.framework; path = Carthage/Build/iOS/RxTest.framework; sourceTree = "<group>"; };
		DD591E88234DFD3C0039814A /* RxRelay.framework */ = {isa = PBXFileReference; lastKnownFileType = wrapper.framework; name = RxRelay.framework; path = Carthage/Build/iOS/RxRelay.framework; sourceTree = "<group>"; };
		DD591E89234DFD3C0039814A /* RxBlocking.framework */ = {isa = PBXFileReference; lastKnownFileType = wrapper.framework; name = RxBlocking.framework; path = Carthage/Build/iOS/RxBlocking.framework; sourceTree = "<group>"; };
		DD67A349234DEC7E003F0257 /* OnboardingProject.app */ = {isa = PBXFileReference; explicitFileType = wrapper.application; includeInIndex = 0; path = OnboardingProject.app; sourceTree = BUILT_PRODUCTS_DIR; };
		DD67A34C234DEC7E003F0257 /* AppDelegate.swift */ = {isa = PBXFileReference; lastKnownFileType = sourcecode.swift; path = AppDelegate.swift; sourceTree = "<group>"; };
		DD67A353234DEC7F003F0257 /* Assets.xcassets */ = {isa = PBXFileReference; lastKnownFileType = folder.assetcatalog; path = Assets.xcassets; sourceTree = "<group>"; };
		DD67A356234DEC7F003F0257 /* Base */ = {isa = PBXFileReference; lastKnownFileType = file.storyboard; name = Base; path = Base.lproj/LaunchScreen.storyboard; sourceTree = "<group>"; };
		DD67A358234DEC7F003F0257 /* Info.plist */ = {isa = PBXFileReference; lastKnownFileType = text.plist.xml; path = Info.plist; sourceTree = "<group>"; };
		DD9014C82356130300556366 /* Sections.swift */ = {isa = PBXFileReference; lastKnownFileType = sourcecode.swift; path = Sections.swift; sourceTree = "<group>"; };
		DD9014CA2356FACD00556366 /* UIColorExtensions.swift */ = {isa = PBXFileReference; lastKnownFileType = sourcecode.swift; path = UIColorExtensions.swift; sourceTree = "<group>"; };
		DDBB8089234F61650020F888 /* ProfileCell.swift */ = {isa = PBXFileReference; lastKnownFileType = sourcecode.swift; path = ProfileCell.swift; sourceTree = "<group>"; };
		DDBB808A234F61650020F888 /* ProfileCell.xib */ = {isa = PBXFileReference; lastKnownFileType = file.xib; path = ProfileCell.xib; sourceTree = "<group>"; };
		DDBB808F2350BA400020F888 /* HelperFunctions.swift */ = {isa = PBXFileReference; lastKnownFileType = sourcecode.swift; path = HelperFunctions.swift; sourceTree = "<group>"; };
		DDBB8091235606B10020F888 /* Tagged.swift */ = {isa = PBXFileReference; lastKnownFileType = sourcecode.swift; path = Tagged.swift; sourceTree = "<group>"; };
/* End PBXFileReference section */

/* Begin PBXFrameworksBuildPhase section */
		DD67A346234DEC7E003F0257 /* Frameworks */ = {
			isa = PBXFrameworksBuildPhase;
			buildActionMask = 2147483647;
			files = (
				DD591E8D234DFDC50039814A /* IGListKit.framework in Frameworks */,
				DD591E8E234DFDC50039814A /* RxBlocking.framework in Frameworks */,
				DD591E8F234DFDC50039814A /* RxCocoa.framework in Frameworks */,
				DD591E90234DFDC50039814A /* RxRelay.framework in Frameworks */,
				DD591E91234DFDC50039814A /* RxSwift.framework in Frameworks */,
			);
			runOnlyForDeploymentPostprocessing = 0;
		};
/* End PBXFrameworksBuildPhase section */

/* Begin PBXGroup section */
		DD305636234F01FF00505D65 /* CollectionCells */ = {
			isa = PBXGroup;
			children = (
				DDEE0276234F5F0400FCB3CA /* ProfileCell */,
				DDEE0275234F5EFE00FCB3CA /* AddingCell */,
			);
			path = CollectionCells;
			sourceTree = "<group>";
		};
		DD30563B234F09BA00505D65 /* Extensions */ = {
			isa = PBXGroup;
			children = (
				DD30563C234F09D900505D65 /* IGListKitExtensions.swift */,
				DD383DF0234F4C550076F71A /* RxExtensions.swift */,
				DD9014CA2356FACD00556366 /* UIColorExtensions.swift */,
			);
			path = Extensions;
			sourceTree = "<group>";
		};
		DD30563E234F0B9A00505D65 /* Models */ = {
			isa = PBXGroup;
			children = (
				DD30563F234F0BAF00505D65 /* ProfileInfo.swift */,
				DD305641234F0C4300505D65 /* MeetingRooms.swift */,
				DD305643234F0CF700505D65 /* DiffableBox.swift */,
				DD9014C82356130300556366 /* Sections.swift */,
			);
			path = Models;
			sourceTree = "<group>";
		};
		DD305645234F0D4A00505D65 /* Library */ = {
			isa = PBXGroup;
			children = (
				DD305646234F0D5700505D65 /* ReduxStore.swift */,
				DDBB808F2350BA400020F888 /* HelperFunctions.swift */,
				DDBB8091235606B10020F888 /* Tagged.swift */,
			);
			path = Library;
			sourceTree = "<group>";
		};
		DD591E72234DF2A80039814A /* Profiles */ = {
			isa = PBXGroup;
			children = (
				DD383DE8234F3C120076F71A /* ProfilesAction.swift */,
				DD383DE6234F3BBA0076F71A /* ProfilesNamespace.swift */,
				DD591E7D234DFAAD0039814A /* ViewModel */,
				DD591E7C234DFAA60039814A /* View */,
			);
			path = Profiles;
			sourceTree = "<group>";
		};
		DD591E73234DF2B30039814A /* AppCoordinator */ = {
			isa = PBXGroup;
			children = (
				DD591E74234DF2C20039814A /* AppCoordinator.swift */,
			);
			path = AppCoordinator;
			sourceTree = "<group>";
		};
		DD591E7C234DFAA60039814A /* View */ = {
			isa = PBXGroup;
			children = (
				DD305636234F01FF00505D65 /* CollectionCells */,
				DD591E70234DF29F0039814A /* ProfilesViewController.swift */,
				DD591E76234DF7570039814A /* ProfilesSectionController.swift */,
				DD591E78234DF77B0039814A /* ProfilesView.swift */,
			);
			path = View;
			sourceTree = "<group>";
		};
		DD591E7D234DFAAD0039814A /* ViewModel */ = {
			isa = PBXGroup;
			children = (
				DD591E7E234DFAB70039814A /* Middlewares */,
				DD383DE4234F3B770076F71A /* ProfilesStore.swift */,
				DD383DEA234F3F820076F71A /* ProfilesProps.swift */,
				DD383DEC234F45100076F71A /* ProfilesViewModel.swift */,
				DD383DEE234F47770076F71A /* ProfilesActionCreator.swift */,
			);
			path = ViewModel;
			sourceTree = "<group>";
		};
		DD591E7E234DFAB70039814A /* Middlewares */ = {
			isa = PBXGroup;
			children = (
			);
			path = Middlewares;
			sourceTree = "<group>";
		};
		DD591E7F234DFB8C0039814A /* Frameworks */ = {
			isa = PBXGroup;
			children = (
				DD591E89234DFD3C0039814A /* RxBlocking.framework */,
				DD591E88234DFD3C0039814A /* RxRelay.framework */,
				DD591E87234DFD3C0039814A /* RxTest.framework */,
				DD591E82234DFB8D0039814A /* IGListKit.framework */,
				DD591E81234DFB8D0039814A /* RxCocoa.framework */,
				DD591E80234DFB8D0039814A /* RxSwift.framework */,
			);
			name = Frameworks;
			sourceTree = "<group>";
		};
		DD67A340234DEC7E003F0257 = {
			isa = PBXGroup;
			children = (
				DD67A34B234DEC7E003F0257 /* OnboardingProject */,
				DD67A34A234DEC7E003F0257 /* Products */,
				DD591E7F234DFB8C0039814A /* Frameworks */,
			);
			sourceTree = "<group>";
		};
		DD67A34A234DEC7E003F0257 /* Products */ = {
			isa = PBXGroup;
			children = (
				DD67A349234DEC7E003F0257 /* OnboardingProject.app */,
			);
			name = Products;
			sourceTree = "<group>";
		};
		DD67A34B234DEC7E003F0257 /* OnboardingProject */ = {
			isa = PBXGroup;
			children = (
				DD67A360234DEFA8003F0257 /* App */,
				DD67A35E234DEF9D003F0257 /* Base */,
				DD67A35F234DEFA2003F0257 /* Classes */,
				DD305645234F0D4A00505D65 /* Library */,
				DD30563E234F0B9A00505D65 /* Models */,
				DD67A361234DEFAC003F0257 /* Resources */,
			);
			path = OnboardingProject;
			sourceTree = "<group>";
		};
		DD67A35E234DEF9D003F0257 /* Base */ = {
			isa = PBXGroup;
			children = (
				DD30563B234F09BA00505D65 /* Extensions */,
			);
			path = Base;
			sourceTree = "<group>";
		};
		DD67A35F234DEFA2003F0257 /* Classes */ = {
			isa = PBXGroup;
			children = (
				DD591E73234DF2B30039814A /* AppCoordinator */,
				DD591E72234DF2A80039814A /* Profiles */,
			);
			path = Classes;
			sourceTree = "<group>";
		};
		DD67A360234DEFA8003F0257 /* App */ = {
			isa = PBXGroup;
			children = (
				DD67A34C234DEC7E003F0257 /* AppDelegate.swift */,
			);
			path = App;
			sourceTree = "<group>";
		};
		DD67A361234DEFAC003F0257 /* Resources */ = {
			isa = PBXGroup;
			children = (
				DD67A353234DEC7F003F0257 /* Assets.xcassets */,
				DD67A355234DEC7F003F0257 /* LaunchScreen.storyboard */,
				DD67A358234DEC7F003F0257 /* Info.plist */,
			);
			path = Resources;
			sourceTree = "<group>";
		};
		DDEE0275234F5EFE00FCB3CA /* AddingCell */ = {
			isa = PBXGroup;
			children = (
				DD305637234F026C00505D65 /* AddingCell.swift */,
				DD305638234F026C00505D65 /* AddingCell.xib */,
			);
			path = AddingCell;
			sourceTree = "<group>";
		};
		DDEE0276234F5F0400FCB3CA /* ProfileCell */ = {
			isa = PBXGroup;
			children = (
				DDBB8089234F61650020F888 /* ProfileCell.swift */,
				DDBB808A234F61650020F888 /* ProfileCell.xib */,
			);
			path = ProfileCell;
			sourceTree = "<group>";
		};
/* End PBXGroup section */

/* Begin PBXNativeTarget section */
		DD67A348234DEC7E003F0257 /* OnboardingProject */ = {
			isa = PBXNativeTarget;
			buildConfigurationList = DD67A35B234DEC7F003F0257 /* Build configuration list for PBXNativeTarget "OnboardingProject" */;
			buildPhases = (
				DD67A345234DEC7E003F0257 /* Sources */,
				DD67A346234DEC7E003F0257 /* Frameworks */,
				DD67A347234DEC7E003F0257 /* Resources */,
				DD591E86234DFB980039814A /* Carthage */,
			);
			buildRules = (
			);
			dependencies = (
			);
			name = OnboardingProject;
			productName = OnboardingProject;
			productReference = DD67A349234DEC7E003F0257 /* OnboardingProject.app */;
			productType = "com.apple.product-type.application";
		};
/* End PBXNativeTarget section */

/* Begin PBXProject section */
		DD67A341234DEC7E003F0257 /* Project object */ = {
			isa = PBXProject;
			attributes = {
				LastSwiftUpdateCheck = 1030;
				LastUpgradeCheck = 1030;
				ORGANIZATIONNAME = "Polina Hill";
				TargetAttributes = {
					DD67A348234DEC7E003F0257 = {
						CreatedOnToolsVersion = 10.3;
					};
				};
			};
			buildConfigurationList = DD67A344234DEC7E003F0257 /* Build configuration list for PBXProject "OnboardingProject" */;
			compatibilityVersion = "Xcode 9.3";
			developmentRegion = en;
			hasScannedForEncodings = 0;
			knownRegions = (
				en,
				Base,
			);
			mainGroup = DD67A340234DEC7E003F0257;
			productRefGroup = DD67A34A234DEC7E003F0257 /* Products */;
			projectDirPath = "";
			projectRoot = "";
			targets = (
				DD67A348234DEC7E003F0257 /* OnboardingProject */,
			);
		};
/* End PBXProject section */

/* Begin PBXResourcesBuildPhase section */
		DD67A347234DEC7E003F0257 /* Resources */ = {
			isa = PBXResourcesBuildPhase;
			buildActionMask = 2147483647;
			files = (
				DD67A357234DEC7F003F0257 /* LaunchScreen.storyboard in Resources */,
				DDBB808C234F61650020F888 /* ProfileCell.xib in Resources */,
				DD67A354234DEC7F003F0257 /* Assets.xcassets in Resources */,
				DD30563A234F026C00505D65 /* AddingCell.xib in Resources */,
			);
			runOnlyForDeploymentPostprocessing = 0;
		};
/* End PBXResourcesBuildPhase section */

/* Begin PBXShellScriptBuildPhase section */
		DD591E86234DFB980039814A /* Carthage */ = {
			isa = PBXShellScriptBuildPhase;
			buildActionMask = 2147483647;
			files = (
			);
			inputFileListPaths = (
			);
			inputPaths = (
				"$(SRCROOT)/Carthage/Build/iOS/RxSwift.framework",
				"$(SRCROOT)/Carthage/Build/iOS/IGListKit.framework",
				"$(SRCROOT)/Carthage/Build/iOS/RxCocoa.framework",
				"$(SRCROOT)/Carthage/Build/iOS/RxRelay.framework",
				"$(SRCROOT)/Carthage/Build/iOS/RxBlocking.framework",
			);
			name = Carthage;
			outputFileListPaths = (
			);
			outputPaths = (
				"$(BUILT_PRODUCTS_DIR)/$(FRAMEWORKS_FOLDER_PATH)/RxCocoa.framework",
				"$(BUILT_PRODUCTS_DIR)/$(FRAMEWORKS_FOLDER_PATH)/RxSwift.framework",
				"$(BUILT_PRODUCTS_DIR)/$(FRAMEWORKS_FOLDER_PATH)/IGListKit.framework",
				"$(BUILT_PRODUCTS_DIR)/$(FRAMEWORKS_FOLDER_PATH)/RxRelay.framework",
				"$(BUILT_PRODUCTS_DIR)/$(FRAMEWORKS_FOLDER_PATH)/RxBlocking.framework",
			);
			runOnlyForDeploymentPostprocessing = 0;
			shellPath = /bin/sh;
			shellScript = "/usr/local/bin/carthage copy-frameworks\n\n";
			showEnvVarsInLog = 0;
		};
/* End PBXShellScriptBuildPhase section */

/* Begin PBXSourcesBuildPhase section */
		DD67A345234DEC7E003F0257 /* Sources */ = {
			isa = PBXSourcesBuildPhase;
			buildActionMask = 2147483647;
			files = (
				DD591E79234DF77B0039814A /* ProfilesView.swift in Sources */,
				DD305640234F0BAF00505D65 /* ProfileInfo.swift in Sources */,
				DD383DED234F45100076F71A /* ProfilesViewModel.swift in Sources */,
				DD591E75234DF2C20039814A /* AppCoordinator.swift in Sources */,
				DD383DEF234F47770076F71A /* ProfilesActionCreator.swift in Sources */,
				DDBB8092235606B10020F888 /* Tagged.swift in Sources */,
				DD383DEB234F3F820076F71A /* ProfilesProps.swift in Sources */,
				DD305642234F0C4300505D65 /* MeetingRooms.swift in Sources */,
				DD305639234F026C00505D65 /* AddingCell.swift in Sources */,
				DD383DE9234F3C120076F71A /* ProfilesAction.swift in Sources */,
				DD9014C92356130300556366 /* Sections.swift in Sources */,
				DD591E71234DF29F0039814A /* ProfilesViewController.swift in Sources */,
				DD305644234F0CF700505D65 /* DiffableBox.swift in Sources */,
				DD305647234F0D5700505D65 /* ReduxStore.swift in Sources */,
				DD67A34D234DEC7E003F0257 /* AppDelegate.swift in Sources */,
				DD9014CB2356FACD00556366 /* UIColorExtensions.swift in Sources */,
				DD383DF1234F4C550076F71A /* RxExtensions.swift in Sources */,
				DDBB80902350BA400020F888 /* HelperFunctions.swift in Sources */,
				DD383DE7234F3BBA0076F71A /* ProfilesNamespace.swift in Sources */,
				DDBB808B234F61650020F888 /* ProfileCell.swift in Sources */,
				DD30563D234F09D900505D65 /* IGListKitExtensions.swift in Sources */,
				DD591E77234DF7570039814A /* ProfilesSectionController.swift in Sources */,
				DD383DE5234F3B770076F71A /* ProfilesStore.swift in Sources */,
			);
			runOnlyForDeploymentPostprocessing = 0;
		};
/* End PBXSourcesBuildPhase section */

/* Begin PBXVariantGroup section */
		DD67A355234DEC7F003F0257 /* LaunchScreen.storyboard */ = {
			isa = PBXVariantGroup;
			children = (
				DD67A356234DEC7F003F0257 /* Base */,
			);
			name = LaunchScreen.storyboard;
			sourceTree = "<group>";
		};
/* End PBXVariantGroup section */

/* Begin XCBuildConfiguration section */
		DD67A359234DEC7F003F0257 /* Debug */ = {
			isa = XCBuildConfiguration;
			buildSettings = {
				ALWAYS_SEARCH_USER_PATHS = NO;
				CLANG_ANALYZER_NONNULL = YES;
				CLANG_ANALYZER_NUMBER_OBJECT_CONVERSION = YES_AGGRESSIVE;
				CLANG_CXX_LANGUAGE_STANDARD = "gnu++14";
				CLANG_CXX_LIBRARY = "libc++";
				CLANG_ENABLE_MODULES = YES;
				CLANG_ENABLE_OBJC_ARC = YES;
				CLANG_ENABLE_OBJC_WEAK = YES;
				CLANG_WARN_BLOCK_CAPTURE_AUTORELEASING = YES;
				CLANG_WARN_BOOL_CONVERSION = YES;
				CLANG_WARN_COMMA = YES;
				CLANG_WARN_CONSTANT_CONVERSION = YES;
				CLANG_WARN_DEPRECATED_OBJC_IMPLEMENTATIONS = YES;
				CLANG_WARN_DIRECT_OBJC_ISA_USAGE = YES_ERROR;
				CLANG_WARN_DOCUMENTATION_COMMENTS = YES;
				CLANG_WARN_EMPTY_BODY = YES;
				CLANG_WARN_ENUM_CONVERSION = YES;
				CLANG_WARN_INFINITE_RECURSION = YES;
				CLANG_WARN_INT_CONVERSION = YES;
				CLANG_WARN_NON_LITERAL_NULL_CONVERSION = YES;
				CLANG_WARN_OBJC_IMPLICIT_RETAIN_SELF = YES;
				CLANG_WARN_OBJC_LITERAL_CONVERSION = YES;
				CLANG_WARN_OBJC_ROOT_CLASS = YES_ERROR;
				CLANG_WARN_RANGE_LOOP_ANALYSIS = YES;
				CLANG_WARN_STRICT_PROTOTYPES = YES;
				CLANG_WARN_SUSPICIOUS_MOVE = YES;
				CLANG_WARN_UNGUARDED_AVAILABILITY = YES_AGGRESSIVE;
				CLANG_WARN_UNREACHABLE_CODE = YES;
				CLANG_WARN__DUPLICATE_METHOD_MATCH = YES;
				CODE_SIGN_IDENTITY = "iPhone Developer";
				COPY_PHASE_STRIP = NO;
				DEBUG_INFORMATION_FORMAT = dwarf;
				ENABLE_STRICT_OBJC_MSGSEND = YES;
				ENABLE_TESTABILITY = YES;
				GCC_C_LANGUAGE_STANDARD = gnu11;
				GCC_DYNAMIC_NO_PIC = NO;
				GCC_NO_COMMON_BLOCKS = YES;
				GCC_OPTIMIZATION_LEVEL = 0;
				GCC_PREPROCESSOR_DEFINITIONS = (
					"DEBUG=1",
					"$(inherited)",
				);
				GCC_WARN_64_TO_32_BIT_CONVERSION = YES;
				GCC_WARN_ABOUT_RETURN_TYPE = YES_ERROR;
				GCC_WARN_UNDECLARED_SELECTOR = YES;
				GCC_WARN_UNINITIALIZED_AUTOS = YES_AGGRESSIVE;
				GCC_WARN_UNUSED_FUNCTION = YES;
				GCC_WARN_UNUSED_VARIABLE = YES;
				IPHONEOS_DEPLOYMENT_TARGET = 12.4;
				MTL_ENABLE_DEBUG_INFO = INCLUDE_SOURCE;
				MTL_FAST_MATH = YES;
				ONLY_ACTIVE_ARCH = YES;
				SDKROOT = iphoneos;
				SWIFT_ACTIVE_COMPILATION_CONDITIONS = DEBUG;
				SWIFT_OPTIMIZATION_LEVEL = "-Onone";
			};
			name = Debug;
		};
		DD67A35A234DEC7F003F0257 /* Release */ = {
			isa = XCBuildConfiguration;
			buildSettings = {
				ALWAYS_SEARCH_USER_PATHS = NO;
				CLANG_ANALYZER_NONNULL = YES;
				CLANG_ANALYZER_NUMBER_OBJECT_CONVERSION = YES_AGGRESSIVE;
				CLANG_CXX_LANGUAGE_STANDARD = "gnu++14";
				CLANG_CXX_LIBRARY = "libc++";
				CLANG_ENABLE_MODULES = YES;
				CLANG_ENABLE_OBJC_ARC = YES;
				CLANG_ENABLE_OBJC_WEAK = YES;
				CLANG_WARN_BLOCK_CAPTURE_AUTORELEASING = YES;
				CLANG_WARN_BOOL_CONVERSION = YES;
				CLANG_WARN_COMMA = YES;
				CLANG_WARN_CONSTANT_CONVERSION = YES;
				CLANG_WARN_DEPRECATED_OBJC_IMPLEMENTATIONS = YES;
				CLANG_WARN_DIRECT_OBJC_ISA_USAGE = YES_ERROR;
				CLANG_WARN_DOCUMENTATION_COMMENTS = YES;
				CLANG_WARN_EMPTY_BODY = YES;
				CLANG_WARN_ENUM_CONVERSION = YES;
				CLANG_WARN_INFINITE_RECURSION = YES;
				CLANG_WARN_INT_CONVERSION = YES;
				CLANG_WARN_NON_LITERAL_NULL_CONVERSION = YES;
				CLANG_WARN_OBJC_IMPLICIT_RETAIN_SELF = YES;
				CLANG_WARN_OBJC_LITERAL_CONVERSION = YES;
				CLANG_WARN_OBJC_ROOT_CLASS = YES_ERROR;
				CLANG_WARN_RANGE_LOOP_ANALYSIS = YES;
				CLANG_WARN_STRICT_PROTOTYPES = YES;
				CLANG_WARN_SUSPICIOUS_MOVE = YES;
				CLANG_WARN_UNGUARDED_AVAILABILITY = YES_AGGRESSIVE;
				CLANG_WARN_UNREACHABLE_CODE = YES;
				CLANG_WARN__DUPLICATE_METHOD_MATCH = YES;
				CODE_SIGN_IDENTITY = "iPhone Developer";
				COPY_PHASE_STRIP = NO;
				DEBUG_INFORMATION_FORMAT = "dwarf-with-dsym";
				ENABLE_NS_ASSERTIONS = NO;
				ENABLE_STRICT_OBJC_MSGSEND = YES;
				GCC_C_LANGUAGE_STANDARD = gnu11;
				GCC_NO_COMMON_BLOCKS = YES;
				GCC_WARN_64_TO_32_BIT_CONVERSION = YES;
				GCC_WARN_ABOUT_RETURN_TYPE = YES_ERROR;
				GCC_WARN_UNDECLARED_SELECTOR = YES;
				GCC_WARN_UNINITIALIZED_AUTOS = YES_AGGRESSIVE;
				GCC_WARN_UNUSED_FUNCTION = YES;
				GCC_WARN_UNUSED_VARIABLE = YES;
				IPHONEOS_DEPLOYMENT_TARGET = 12.4;
				MTL_ENABLE_DEBUG_INFO = NO;
				MTL_FAST_MATH = YES;
				SDKROOT = iphoneos;
				SWIFT_COMPILATION_MODE = wholemodule;
				SWIFT_OPTIMIZATION_LEVEL = "-O";
				VALIDATE_PRODUCT = YES;
			};
			name = Release;
		};
		DD67A35C234DEC7F003F0257 /* Debug */ = {
			isa = XCBuildConfiguration;
			buildSettings = {
				ASSETCATALOG_COMPILER_APPICON_NAME = AppIcon;
				CODE_SIGN_STYLE = Automatic;
				DEVELOPMENT_TEAM = 6QJD9S5LP3;
				FRAMEWORK_SEARCH_PATHS = (
					"$(inherited)",
					"$(PROJECT_DIR)/Carthage/Build/iOS",
				);
				INFOPLIST_FILE = "$(SRCROOT)/OnboardingProject/Resources/Info.plist";
				LD_RUNPATH_SEARCH_PATHS = (
					"$(inherited)",
					"@executable_path/Frameworks",
				);
				PRODUCT_BUNDLE_IDENTIFIER = com.polina.OnboardingProject;
				PRODUCT_NAME = "$(TARGET_NAME)";
				SWIFT_VERSION = 5.0;
				TARGETED_DEVICE_FAMILY = "1,2";
			};
			name = Debug;
		};
		DD67A35D234DEC7F003F0257 /* Release */ = {
			isa = XCBuildConfiguration;
			buildSettings = {
				ASSETCATALOG_COMPILER_APPICON_NAME = AppIcon;
				CODE_SIGN_STYLE = Automatic;
				DEVELOPMENT_TEAM = 6QJD9S5LP3;
				FRAMEWORK_SEARCH_PATHS = (
					"$(inherited)",
					"$(PROJECT_DIR)/Carthage/Build/iOS",
				);
				INFOPLIST_FILE = "$(SRCROOT)/OnboardingProject/Resources/Info.plist";
				LD_RUNPATH_SEARCH_PATHS = (
					"$(inherited)",
					"@executable_path/Frameworks",
				);
				PRODUCT_BUNDLE_IDENTIFIER = com.polina.OnboardingProject;
				PRODUCT_NAME = "$(TARGET_NAME)";
				SWIFT_VERSION = 5.0;
				TARGETED_DEVICE_FAMILY = "1,2";
			};
			name = Release;
		};
/* End XCBuildConfiguration section */

/* Begin XCConfigurationList section */
		DD67A344234DEC7E003F0257 /* Build configuration list for PBXProject "OnboardingProject" */ = {
			isa = XCConfigurationList;
			buildConfigurations = (
				DD67A359234DEC7F003F0257 /* Debug */,
				DD67A35A234DEC7F003F0257 /* Release */,
			);
			defaultConfigurationIsVisible = 0;
			defaultConfigurationName = Release;
		};
		DD67A35B234DEC7F003F0257 /* Build configuration list for PBXNativeTarget "OnboardingProject" */ = {
			isa = XCConfigurationList;
			buildConfigurations = (
				DD67A35C234DEC7F003F0257 /* Debug */,
				DD67A35D234DEC7F003F0257 /* Release */,
			);
			defaultConfigurationIsVisible = 0;
			defaultConfigurationName = Release;
		};
/* End XCConfigurationList section */
	};
	rootObject = DD67A341234DEC7E003F0257 /* Project object */;
}
